
Microsoft Visual Studio Solution File, Format Version 12.00
# Visual Studio 15
VisualStudioVersion = 15.0.26730.12
MinimumVisualStudioVersion = 10.0.40219.1
Project("{8BC9CEB8-8B4A-11D0-8D11-00A0C91BC942}") = "OptionPricing", "OptionPricing\OptionPricing.vcxproj", "{00300D84-F9B4-4EA8-B32A-A18430DB22E3}"
EndProject
Global
	GlobalSection(SolutionConfigurationPlatforms) = preSolution
		Debug|x64 = Debug|x64
		Debug|x86 = Debug|x86
		Release|x64 = Release|x64
		Release|x86 = Release|x86
	EndGlobalSection
	GlobalSection(ProjectConfigurationPlatforms) = postSolution
		{00300D84-F9B4-4EA8-B32A-A18430DB22E3}.Debug|x64.ActiveCfg = Debug|x64
		{00300D84-F9B4-4EA8-B32A-A18430DB22E3}.Debug|x64.Build.0 = Debug|x64
		{00300D84-F9B4-4EA8-B32A-A18430DB22E3}.Debug|x86.ActiveCfg = Debug|Win32
		{00300D84-F9B4-4EA8-B32A-A18430DB22E3}.Debug|x86.Build.0 = Debug|Win32
		{00300D84-F9B4-4EA8-B32A-A18430DB22E3}.Release|x64.ActiveCfg = Release|x64
		{00300D84-F9B4-4EA8-B32A-A18430DB22E3}.Release|x64.Build.0 = Release|x64
		{00300D84-F9B4-4EA8-B32A-A18430DB22E3}.Release|x86.ActiveCfg = Release|Win32
		{00300D84-F9B4-4EA8-B32A-A18430DB22E3}.Release|x86.Build.0 = Release|Win32
	EndGlobalSection
	GlobalSection(SolutionProperties) = preSolution
		HideSolutionNode = FALSE
	EndGlobalSection
	GlobalSection(ExtensibilityGlobals) = postSolution
		SolutionGuid = {045C5D1A-1D81-4B13-847A-D8ABD2AF676B}
	EndGlobalSection
EndGlobal
