
Microsoft Visual Studio Solution File, Format Version 12.00
# Visual Studio 15
VisualStudioVersion = 15.0.26730.12
MinimumVisualStudioVersion = 10.0.40219.1
Project("{8BC9CEB8-8B4A-11D0-8D11-00A0C91BC942}") = "EuropeanOptions", "EuropeanOptions\EuropeanOptions.vcxproj", "{9AF60CC8-A609-4638-A37C-737BF1B49558}"
EndProject
Global
	GlobalSection(SolutionConfigurationPlatforms) = preSolution
		Debug|x64 = Debug|x64
		Debug|x86 = Debug|x86
		Release|x64 = Release|x64
		Release|x86 = Release|x86
	EndGlobalSection
	GlobalSection(ProjectConfigurationPlatforms) = postSolution
		{9AF60CC8-A609-4638-A37C-737BF1B49558}.Debug|x64.ActiveCfg = Debug|x64
		{9AF60CC8-A609-4638-A37C-737BF1B49558}.Debug|x64.Build.0 = Debug|x64
		{9AF60CC8-A609-4638-A37C-737BF1B49558}.Debug|x86.ActiveCfg = Debug|Win32
		{9AF60CC8-A609-4638-A37C-737BF1B49558}.Debug|x86.Build.0 = Debug|Win32
		{9AF60CC8-A609-4638-A37C-737BF1B49558}.Release|x64.ActiveCfg = Release|x64
		{9AF60CC8-A609-4638-A37C-737BF1B49558}.Release|x64.Build.0 = Release|x64
		{9AF60CC8-A609-4638-A37C-737BF1B49558}.Release|x86.ActiveCfg = Release|Win32
		{9AF60CC8-A609-4638-A37C-737BF1B49558}.Release|x86.Build.0 = Release|Win32
	EndGlobalSection
	GlobalSection(SolutionProperties) = preSolution
		HideSolutionNode = FALSE
	EndGlobalSection
	GlobalSection(ExtensibilityGlobals) = postSolution
		SolutionGuid = {D1829894-D9A9-4BB0-88E5-293AF63B4511}
	EndGlobalSection
EndGlobal
