
Microsoft Visual Studio Solution File, Format Version 12.00
# Visual Studio 15
VisualStudioVersion = 15.0.26730.12
MinimumVisualStudioVersion = 10.0.40219.1
Project("{8BC9CEB8-8B4A-11D0-8D11-00A0C91BC942}") = "VasicekModel", "VasicekModel\VasicekModel.vcxproj", "{4CD20A9E-05F3-4104-9C7C-0DA95621B70D}"
EndProject
Global
	GlobalSection(SolutionConfigurationPlatforms) = preSolution
		Debug|x64 = Debug|x64
		Debug|x86 = Debug|x86
		Release|x64 = Release|x64
		Release|x86 = Release|x86
	EndGlobalSection
	GlobalSection(ProjectConfigurationPlatforms) = postSolution
		{4CD20A9E-05F3-4104-9C7C-0DA95621B70D}.Debug|x64.ActiveCfg = Debug|x64
		{4CD20A9E-05F3-4104-9C7C-0DA95621B70D}.Debug|x64.Build.0 = Debug|x64
		{4CD20A9E-05F3-4104-9C7C-0DA95621B70D}.Debug|x86.ActiveCfg = Debug|Win32
		{4CD20A9E-05F3-4104-9C7C-0DA95621B70D}.Debug|x86.Build.0 = Debug|Win32
		{4CD20A9E-05F3-4104-9C7C-0DA95621B70D}.Release|x64.ActiveCfg = Release|x64
		{4CD20A9E-05F3-4104-9C7C-0DA95621B70D}.Release|x64.Build.0 = Release|x64
		{4CD20A9E-05F3-4104-9C7C-0DA95621B70D}.Release|x86.ActiveCfg = Release|Win32
		{4CD20A9E-05F3-4104-9C7C-0DA95621B70D}.Release|x86.Build.0 = Release|Win32
	EndGlobalSection
	GlobalSection(SolutionProperties) = preSolution
		HideSolutionNode = FALSE
	EndGlobalSection
	GlobalSection(ExtensibilityGlobals) = postSolution
		SolutionGuid = {4A79FF67-A36F-4ECA-88E7-66AE19C40550}
	EndGlobalSection
EndGlobal
